
Microsoft Visual Studio Solution File, Format Version 12.00
# Visual Studio Version 17
VisualStudioVersion = 17.5.002.0
MinimumVisualStudioVersion = 10.0.40219.1
Project("{9A19103F-16F7-4668-BE54-9A1E7A4F7556}") = "codespaces-blank", "codespaces-blank.csproj", "{D40CA988-9912-4239-A69E-9D82DA731468}"
EndProject
Global
	GlobalSection(SolutionConfigurationPlatforms) = preSolution
		Debug|Any CPU = Debug|Any CPU
		Release|Any CPU = Release|Any CPU
	EndGlobalSection
	GlobalSection(ProjectConfigurationPlatforms) = postSolution
		{D40CA988-9912-4239-A69E-9D82DA731468}.Debug|Any CPU.ActiveCfg = Debug|Any CPU
		{D40CA988-9912-4239-A69E-9D82DA731468}.Debug|Any CPU.Build.0 = Debug|Any CPU
		{D40CA988-9912-4239-A69E-9D82DA731468}.Release|Any CPU.ActiveCfg = Release|Any CPU
		{D40CA988-9912-4239-A69E-9D82DA731468}.Release|Any CPU.Build.0 = Release|Any CPU
	EndGlobalSection
	GlobalSection(SolutionProperties) = preSolution
		HideSolutionNode = FALSE
	EndGlobalSection
	GlobalSection(ExtensibilityGlobals) = postSolution
		SolutionGuid = {7F81DC95-3052-43CE-BEF4-CC0288BA95D8}
	EndGlobalSection
EndGlobal
